// !$*UTF8*$!
{
	archiveVersion = 1;
	classes = {
	};
	objectVersion = 56;
	objects = {

/* Begin PBXBuildFile section */
		BF0ED3B92C8234E100ADB94C /* HomeCapsuleGraph.swift in Sources */ = {isa = PBXBuildFile; fileRef = BF0ED3B82C8234E000ADB94C /* HomeCapsuleGraph.swift */; };
		BF14E3402C863AB8007FE41D /* HomeTab.swift in Sources */ = {isa = PBXBuildFile; fileRef = BF14E33F2C863AB5007FE41D /* HomeTab.swift */; };
		BF19035C2C9ADB4E00B0E581 /* ChatToolBarLead.swift in Sources */ = {isa = PBXBuildFile; fileRef = BF19035B2C9ADB4600B0E581 /* ChatToolBarLead.swift */; };
		BF1A81532C542C280057D87D /* HomeToolBarTrail.swift in Sources */ = {isa = PBXBuildFile; fileRef = BF1A81522C542C280057D87D /* HomeToolBarTrail.swift */; };
		BF2265BC2C943BD600A1203C /* FloatingButtonText.swift in Sources */ = {isa = PBXBuildFile; fileRef = BF2265BB2C943BCE00A1203C /* FloatingButtonText.swift */; };
		BF31F0AB2C48FDAD000C005C /* EmailHelper.swift in Sources */ = {isa = PBXBuildFile; fileRef = BF31F0AA2C48FDA9000C005C /* EmailHelper.swift */; };
		BF3700882C47B60900CF255D /* User.swift in Sources */ = {isa = PBXBuildFile; fileRef = BF3700872C47B60600CF255D /* User.swift */; };
		BF4A81352C3AEC4D00D4CAF1 /* CalendarView.swift in Sources */ = {isa = PBXBuildFile; fileRef = BF4A81342C3AEC4D00D4CAF1 /* CalendarView.swift */; };
		BF4A813F2C3AEE0900D4CAF1 /* DateHelper.swift in Sources */ = {isa = PBXBuildFile; fileRef = BF4A813E2C3AEE0900D4CAF1 /* DateHelper.swift */; };
		BF4A81452C3AEE6C00D4CAF1 /* LiveView.swift in Sources */ = {isa = PBXBuildFile; fileRef = BF4A81442C3AEE6C00D4CAF1 /* LiveView.swift */; };
		BF4A81492C3AEFCE00D4CAF1 /* ChatView.swift in Sources */ = {isa = PBXBuildFile; fileRef = BF4A81482C3AEFCE00D4CAF1 /* ChatView.swift */; };
		BF4A814D2C3AF03B00D4CAF1 /* MetricView.swift in Sources */ = {isa = PBXBuildFile; fileRef = BF4A814C2C3AF03B00D4CAF1 /* MetricView.swift */; };
		BF4A81632C3AF53200D4CAF1 /* ProfileView.swift in Sources */ = {isa = PBXBuildFile; fileRef = BF4A81622C3AF53200D4CAF1 /* ProfileView.swift */; };
		BF4A81672C3AF5D500D4CAF1 /* CalendarToolBarTrail.swift in Sources */ = {isa = PBXBuildFile; fileRef = BF4A81662C3AF5D500D4CAF1 /* CalendarToolBarTrail.swift */; };
		BF4A816F2C3AF8DA00D4CAF1 /* LiveToolBarTrail.swift in Sources */ = {isa = PBXBuildFile; fileRef = BF4A816E2C3AF8DA00D4CAF1 /* LiveToolBarTrail.swift */; };
		BF4A81772C3AFA1700D4CAF1 /* ChatToolBarTrail.swift in Sources */ = {isa = PBXBuildFile; fileRef = BF4A81762C3AFA1700D4CAF1 /* ChatToolBarTrail.swift */; };
		BF4A817F2C3AFB8600D4CAF1 /* MetricToolBarTrail.swift in Sources */ = {isa = PBXBuildFile; fileRef = BF4A817E2C3AFB8600D4CAF1 /* MetricToolBarTrail.swift */; };
		BF4A81892C3AFDDE00D4CAF1 /* SubscriptionView.swift in Sources */ = {isa = PBXBuildFile; fileRef = BF4A81882C3AFDDE00D4CAF1 /* SubscriptionView.swift */; };
		BF4A818B2C3AFDF500D4CAF1 /* ColorOptionView.swift in Sources */ = {isa = PBXBuildFile; fileRef = BF4A818A2C3AFDF500D4CAF1 /* ColorOptionView.swift */; };
		BF4A818F2C3AFFDD00D4CAF1 /* HomeView.swift in Sources */ = {isa = PBXBuildFile; fileRef = BF4A818E2C3AFFDD00D4CAF1 /* HomeView.swift */; };
		BF57B8A92C541365000F24BB /* LactateHelper.swift in Sources */ = {isa = PBXBuildFile; fileRef = BF57B8A82C541360000F24BB /* LactateHelper.swift */; };
		BF6744D12C3FCAE900A23D76 /* Session.swift in Sources */ = {isa = PBXBuildFile; fileRef = BF6744D02C3FCAE400A23D76 /* Session.swift */; };
		BF6C840E2C3C5E8100032E93 /* AccountView.swift in Sources */ = {isa = PBXBuildFile; fileRef = BF6C840D2C3C5E8100032E93 /* AccountView.swift */; };
		BF6C84122C3D16D600032E93 /* IntegrationsView.swift in Sources */ = {isa = PBXBuildFile; fileRef = BF6C84112C3D16D600032E93 /* IntegrationsView.swift */; };
		BF6C84182C3D1C6D00032E93 /* LearnView.swift in Sources */ = {isa = PBXBuildFile; fileRef = BF6C84172C3D1C6D00032E93 /* LearnView.swift */; };
		BF6C841A2C3D1E5200032E93 /* PrivacyView.swift in Sources */ = {isa = PBXBuildFile; fileRef = BF6C84192C3D1E5200032E93 /* PrivacyView.swift */; };
		BF6F84022C8794660081838D /* Sheet.swift in Sources */ = {isa = PBXBuildFile; fileRef = BF6F84012C87945B0081838D /* Sheet.swift */; };
		BF7342072C3AE74A00911375 /* starleetApp.swift in Sources */ = {isa = PBXBuildFile; fileRef = BF7342062C3AE74A00911375 /* starleetApp.swift */; };
		BF7342092C3AE74A00911375 /* ContentView.swift in Sources */ = {isa = PBXBuildFile; fileRef = BF7342082C3AE74A00911375 /* ContentView.swift */; };
		BF73420D2C3AE74C00911375 /* Assets.xcassets in Resources */ = {isa = PBXBuildFile; fileRef = BF73420C2C3AE74C00911375 /* Assets.xcassets */; };
		BF7342112C3AE74C00911375 /* Preview Assets.xcassets in Resources */ = {isa = PBXBuildFile; fileRef = BF7342102C3AE74C00911375 /* Preview Assets.xcassets */; };
		BF73421B2C3AE74C00911375 /* starappTests.swift in Sources */ = {isa = PBXBuildFile; fileRef = BF73421A2C3AE74C00911375 /* starappTests.swift */; };
		BF7342252C3AE74C00911375 /* starappUITests.swift in Sources */ = {isa = PBXBuildFile; fileRef = BF7342242C3AE74C00911375 /* starappUITests.swift */; };
		BF7342272C3AE74C00911375 /* starappUITestsLaunchTests.swift in Sources */ = {isa = PBXBuildFile; fileRef = BF7342262C3AE74C00911375 /* starappUITestsLaunchTests.swift */; };
		BF73F4592C6BD8F600922B9B /* Starleet.storekit in Resources */ = {isa = PBXBuildFile; fileRef = BF73F4582C6BD8F600922B9B /* Starleet.storekit */; };
		BF73F45B2C6BE63500922B9B /* StarStore.swift in Sources */ = {isa = PBXBuildFile; fileRef = BF73F45A2C6BE62D00922B9B /* StarStore.swift */; };
		BF87F7B92C79C69D00B35F6A /* AppState.swift in Sources */ = {isa = PBXBuildFile; fileRef = BF87F7B82C79C69A00B35F6A /* AppState.swift */; };
		BF87F7BB2C79C6CC00B35F6A /* LoadingView.swift in Sources */ = {isa = PBXBuildFile; fileRef = BF87F7BA2C79C6C900B35F6A /* LoadingView.swift */; };
		BF8D6ADC2C41A9DF000269F1 /* TrainingView.swift in Sources */ = {isa = PBXBuildFile; fileRef = BF8D6ADB2C41A9DF000269F1 /* TrainingView.swift */; };
		BF91AC6E2C45405C0028BC41 /* NumberHelper.swift in Sources */ = {isa = PBXBuildFile; fileRef = BF91AC6D2C4540530028BC41 /* NumberHelper.swift */; };
		BFABBD4C2C885F6100A10182 /* PromptHelper.swift in Sources */ = {isa = PBXBuildFile; fileRef = BFABBD4B2C885F5D00A10182 /* PromptHelper.swift */; };
		BFB6603F2C99717F005E0C29 /* CalendarToolBarLead.swift in Sources */ = {isa = PBXBuildFile; fileRef = BFB6603E2C997178005E0C29 /* CalendarToolBarLead.swift */; };
		BFBBD9582C55869200671197 /* MessageHelper.swift in Sources */ = {isa = PBXBuildFile; fileRef = BFBBD9572C55868F00671197 /* MessageHelper.swift */; };
		BFC38D082C935ED900E93826 /* LocationEvents.swift in Sources */ = {isa = PBXBuildFile; fileRef = BFC38D072C935ECC00E93826 /* LocationEvents.swift */; };
		BFDE40512C591A1200733888 /* CSVDocument.swift in Sources */ = {isa = PBXBuildFile; fileRef = BFDE40502C591A0900733888 /* CSVDocument.swift */; };
		BFDE40532C591F8200733888 /* CalendarHelper.swift in Sources */ = {isa = PBXBuildFile; fileRef = BFDE40522C591F7B00733888 /* CalendarHelper.swift */; };
		BFDE77422C91D284000D4373 /* LocationManager.swift in Sources */ = {isa = PBXBuildFile; fileRef = BFDE77412C91D284000D4373 /* LocationManager.swift */; };
		BFDEB6042C49994C00D32736 /* SupportView.swift in Sources */ = {isa = PBXBuildFile; fileRef = BFDEB6032C49994900D32736 /* SupportView.swift */; };
		BFE876062C6E7DA9006725A6 /* StringHelper.swift in Sources */ = {isa = PBXBuildFile; fileRef = BFE876052C6E7DA6006725A6 /* StringHelper.swift */; };
		BFEAE8592C92C348006F6285 /* LiveToolBarPrin.swift in Sources */ = {isa = PBXBuildFile; fileRef = BFEAE8582C92C338006F6285 /* LiveToolBarPrin.swift */; };
		BFEAE85B2C92C538006F6285 /* ChatToolBarPrin.swift in Sources */ = {isa = PBXBuildFile; fileRef = BFEAE85A2C92C52E006F6285 /* ChatToolBarPrin.swift */; };
		BFEAE85D2C92C5A3006F6285 /* MetricToolBarPrin.swift in Sources */ = {isa = PBXBuildFile; fileRef = BFEAE85C2C92C59A006F6285 /* MetricToolBarPrin.swift */; };
		BFECC9672C8EC8130081B617 /* HomeToolBarLead.swift in Sources */ = {isa = PBXBuildFile; fileRef = BFECC9662C8EC7FF0081B617 /* HomeToolBarLead.swift */; };
		BFECC9692C8ECE060081B617 /* HomeToolBarPrin.swift in Sources */ = {isa = PBXBuildFile; fileRef = BFECC9682C8ECDF30081B617 /* HomeToolBarPrin.swift */; };
		BFF251622C9025EA00389A3D /* CalendarToolBarPrin.swift in Sources */ = {isa = PBXBuildFile; fileRef = BFF251612C9025E100389A3D /* CalendarToolBarPrin.swift */; };
		BFF251662C90C59E00389A3D /* FloatingButton.swift in Sources */ = {isa = PBXBuildFile; fileRef = BFF251652C90C59800389A3D /* FloatingButton.swift */; };
		BFFE4D0D2CA69593006B0DFD /* StoreKit.framework in Frameworks */ = {isa = PBXBuildFile; fileRef = BF73F4562C6BD85300922B9B /* StoreKit.framework */; };
/* End PBXBuildFile section */

/* Begin PBXContainerItemProxy section */
		BF7342172C3AE74C00911375 /* PBXContainerItemProxy */ = {
			isa = PBXContainerItemProxy;
			containerPortal = BF7341FB2C3AE74A00911375 /* Project object */;
			proxyType = 1;
			remoteGlobalIDString = BF7342022C3AE74A00911375;
			remoteInfo = starapp;
		};
		BF7342212C3AE74C00911375 /* PBXContainerItemProxy */ = {
			isa = PBXContainerItemProxy;
			containerPortal = BF7341FB2C3AE74A00911375 /* Project object */;
			proxyType = 1;
			remoteGlobalIDString = BF7342022C3AE74A00911375;
			remoteInfo = starapp;
		};
/* End PBXContainerItemProxy section */

/* Begin PBXCopyFilesBuildPhase section */
		BFFE4D002CA69046006B0DFD /* Embed Foundation Extensions */ = {
			isa = PBXCopyFilesBuildPhase;
			buildActionMask = 2147483647;
			dstPath = "";
			dstSubfolderSpec = 13;
			files = (
			);
			name = "Embed Foundation Extensions";
			runOnlyForDeploymentPostprocessing = 0;
		};
/* End PBXCopyFilesBuildPhase section */

/* Begin PBXFileReference section */
		BF0ED3B82C8234E000ADB94C /* HomeCapsuleGraph.swift */ = {isa = PBXFileReference; lastKnownFileType = sourcecode.swift; path = HomeCapsuleGraph.swift; sourceTree = "<group>"; };
		BF14E33F2C863AB5007FE41D /* HomeTab.swift */ = {isa = PBXFileReference; lastKnownFileType = sourcecode.swift; path = HomeTab.swift; sourceTree = "<group>"; };
		BF19035B2C9ADB4600B0E581 /* ChatToolBarLead.swift */ = {isa = PBXFileReference; lastKnownFileType = sourcecode.swift; path = ChatToolBarLead.swift; sourceTree = "<group>"; };
		BF1A81522C542C280057D87D /* HomeToolBarTrail.swift */ = {isa = PBXFileReference; lastKnownFileType = sourcecode.swift; path = HomeToolBarTrail.swift; sourceTree = "<group>"; };
		BF2265BB2C943BCE00A1203C /* FloatingButtonText.swift */ = {isa = PBXFileReference; lastKnownFileType = sourcecode.swift; path = FloatingButtonText.swift; sourceTree = "<group>"; };
		BF31F0AA2C48FDA9000C005C /* EmailHelper.swift */ = {isa = PBXFileReference; lastKnownFileType = sourcecode.swift; path = EmailHelper.swift; sourceTree = "<group>"; };
		BF3700872C47B60600CF255D /* User.swift */ = {isa = PBXFileReference; lastKnownFileType = sourcecode.swift; path = User.swift; sourceTree = "<group>"; };
		BF3F6CAD2C3F23280087DF5A /* Info.plist */ = {isa = PBXFileReference; lastKnownFileType = text.plist; path = Info.plist; sourceTree = "<group>"; };
		BF4A81342C3AEC4D00D4CAF1 /* CalendarView.swift */ = {isa = PBXFileReference; lastKnownFileType = sourcecode.swift; path = CalendarView.swift; sourceTree = "<group>"; };
		BF4A813E2C3AEE0900D4CAF1 /* DateHelper.swift */ = {isa = PBXFileReference; fileEncoding = 4; lastKnownFileType = sourcecode.swift; path = DateHelper.swift; sourceTree = "<group>"; };
		BF4A81442C3AEE6C00D4CAF1 /* LiveView.swift */ = {isa = PBXFileReference; lastKnownFileType = sourcecode.swift; path = LiveView.swift; sourceTree = "<group>"; };
		BF4A81482C3AEFCE00D4CAF1 /* ChatView.swift */ = {isa = PBXFileReference; lastKnownFileType = sourcecode.swift; path = ChatView.swift; sourceTree = "<group>"; };
		BF4A814C2C3AF03B00D4CAF1 /* MetricView.swift */ = {isa = PBXFileReference; lastKnownFileType = sourcecode.swift; path = MetricView.swift; sourceTree = "<group>"; };
		BF4A81622C3AF53200D4CAF1 /* ProfileView.swift */ = {isa = PBXFileReference; lastKnownFileType = sourcecode.swift; path = ProfileView.swift; sourceTree = "<group>"; };
		BF4A81662C3AF5D500D4CAF1 /* CalendarToolBarTrail.swift */ = {isa = PBXFileReference; lastKnownFileType = sourcecode.swift; path = CalendarToolBarTrail.swift; sourceTree = "<group>"; };
		BF4A816E2C3AF8DA00D4CAF1 /* LiveToolBarTrail.swift */ = {isa = PBXFileReference; lastKnownFileType = sourcecode.swift; path = LiveToolBarTrail.swift; sourceTree = "<group>"; };
		BF4A81762C3AFA1700D4CAF1 /* ChatToolBarTrail.swift */ = {isa = PBXFileReference; lastKnownFileType = sourcecode.swift; path = ChatToolBarTrail.swift; sourceTree = "<group>"; };
		BF4A817E2C3AFB8600D4CAF1 /* MetricToolBarTrail.swift */ = {isa = PBXFileReference; lastKnownFileType = sourcecode.swift; path = MetricToolBarTrail.swift; sourceTree = "<group>"; };
		BF4A81882C3AFDDE00D4CAF1 /* SubscriptionView.swift */ = {isa = PBXFileReference; lastKnownFileType = sourcecode.swift; path = SubscriptionView.swift; sourceTree = "<group>"; };
		BF4A818A2C3AFDF500D4CAF1 /* ColorOptionView.swift */ = {isa = PBXFileReference; lastKnownFileType = sourcecode.swift; path = ColorOptionView.swift; sourceTree = "<group>"; };
		BF4A818E2C3AFFDD00D4CAF1 /* HomeView.swift */ = {isa = PBXFileReference; lastKnownFileType = sourcecode.swift; path = HomeView.swift; sourceTree = "<group>"; };
		BF57B8A82C541360000F24BB /* LactateHelper.swift */ = {isa = PBXFileReference; lastKnownFileType = sourcecode.swift; path = LactateHelper.swift; sourceTree = "<group>"; };
		BF6744D02C3FCAE400A23D76 /* Session.swift */ = {isa = PBXFileReference; lastKnownFileType = sourcecode.swift; path = Session.swift; sourceTree = "<group>"; };
		BF6C840D2C3C5E8100032E93 /* AccountView.swift */ = {isa = PBXFileReference; lastKnownFileType = sourcecode.swift; path = AccountView.swift; sourceTree = "<group>"; };
		BF6C84112C3D16D600032E93 /* IntegrationsView.swift */ = {isa = PBXFileReference; lastKnownFileType = sourcecode.swift; path = IntegrationsView.swift; sourceTree = "<group>"; };
		BF6C84172C3D1C6D00032E93 /* LearnView.swift */ = {isa = PBXFileReference; lastKnownFileType = sourcecode.swift; path = LearnView.swift; sourceTree = "<group>"; };
		BF6C84192C3D1E5200032E93 /* PrivacyView.swift */ = {isa = PBXFileReference; lastKnownFileType = sourcecode.swift; path = PrivacyView.swift; sourceTree = "<group>"; };
		BF6F84012C87945B0081838D /* Sheet.swift */ = {isa = PBXFileReference; lastKnownFileType = sourcecode.swift; path = Sheet.swift; sourceTree = "<group>"; };
		BF7342032C3AE74A00911375 /* starapp.app */ = {isa = PBXFileReference; explicitFileType = wrapper.application; includeInIndex = 0; path = starapp.app; sourceTree = BUILT_PRODUCTS_DIR; };
		BF7342062C3AE74A00911375 /* starleetApp.swift */ = {isa = PBXFileReference; lastKnownFileType = sourcecode.swift; path = starleetApp.swift; sourceTree = "<group>"; };
		BF7342082C3AE74A00911375 /* ContentView.swift */ = {isa = PBXFileReference; lastKnownFileType = sourcecode.swift; path = ContentView.swift; sourceTree = "<group>"; };
		BF73420C2C3AE74C00911375 /* Assets.xcassets */ = {isa = PBXFileReference; lastKnownFileType = folder.assetcatalog; path = Assets.xcassets; sourceTree = "<group>"; };
		BF73420E2C3AE74C00911375 /* starapp.entitlements */ = {isa = PBXFileReference; lastKnownFileType = text.plist.entitlements; path = starapp.entitlements; sourceTree = "<group>"; };
		BF7342102C3AE74C00911375 /* Preview Assets.xcassets */ = {isa = PBXFileReference; lastKnownFileType = folder.assetcatalog; path = "Preview Assets.xcassets"; sourceTree = "<group>"; };
		BF7342162C3AE74C00911375 /* starappTests.xctest */ = {isa = PBXFileReference; explicitFileType = wrapper.cfbundle; includeInIndex = 0; path = starappTests.xctest; sourceTree = BUILT_PRODUCTS_DIR; };
		BF73421A2C3AE74C00911375 /* starappTests.swift */ = {isa = PBXFileReference; lastKnownFileType = sourcecode.swift; path = starappTests.swift; sourceTree = "<group>"; };
		BF7342202C3AE74C00911375 /* starappUITests.xctest */ = {isa = PBXFileReference; explicitFileType = wrapper.cfbundle; includeInIndex = 0; path = starappUITests.xctest; sourceTree = BUILT_PRODUCTS_DIR; };
		BF7342242C3AE74C00911375 /* starappUITests.swift */ = {isa = PBXFileReference; lastKnownFileType = sourcecode.swift; path = starappUITests.swift; sourceTree = "<group>"; };
		BF7342262C3AE74C00911375 /* starappUITestsLaunchTests.swift */ = {isa = PBXFileReference; lastKnownFileType = sourcecode.swift; path = starappUITestsLaunchTests.swift; sourceTree = "<group>"; };
		BF73F4562C6BD85300922B9B /* StoreKit.framework */ = {isa = PBXFileReference; lastKnownFileType = wrapper.framework; name = StoreKit.framework; path = System/Library/Frameworks/StoreKit.framework; sourceTree = SDKROOT; };
		BF73F4582C6BD8F600922B9B /* Starleet.storekit */ = {isa = PBXFileReference; lastKnownFileType = text; path = Starleet.storekit; sourceTree = "<group>"; };
		BF73F45A2C6BE62D00922B9B /* StarStore.swift */ = {isa = PBXFileReference; lastKnownFileType = sourcecode.swift; path = StarStore.swift; sourceTree = "<group>"; };
		BF87F7B82C79C69A00B35F6A /* AppState.swift */ = {isa = PBXFileReference; lastKnownFileType = sourcecode.swift; path = AppState.swift; sourceTree = "<group>"; };
		BF87F7BA2C79C6C900B35F6A /* LoadingView.swift */ = {isa = PBXFileReference; lastKnownFileType = sourcecode.swift; path = LoadingView.swift; sourceTree = "<group>"; };
		BF8D6ADB2C41A9DF000269F1 /* TrainingView.swift */ = {isa = PBXFileReference; lastKnownFileType = sourcecode.swift; path = TrainingView.swift; sourceTree = "<group>"; };
		BF91AC6D2C4540530028BC41 /* NumberHelper.swift */ = {isa = PBXFileReference; lastKnownFileType = sourcecode.swift; path = NumberHelper.swift; sourceTree = "<group>"; };
		BFABBD4B2C885F5D00A10182 /* PromptHelper.swift */ = {isa = PBXFileReference; lastKnownFileType = sourcecode.swift; path = PromptHelper.swift; sourceTree = "<group>"; };
		BFB6603E2C997178005E0C29 /* CalendarToolBarLead.swift */ = {isa = PBXFileReference; lastKnownFileType = sourcecode.swift; path = CalendarToolBarLead.swift; sourceTree = "<group>"; };
		BFBBD9572C55868F00671197 /* MessageHelper.swift */ = {isa = PBXFileReference; lastKnownFileType = sourcecode.swift; path = MessageHelper.swift; sourceTree = "<group>"; };
		BFC38D072C935ECC00E93826 /* LocationEvents.swift */ = {isa = PBXFileReference; lastKnownFileType = sourcecode.swift; path = LocationEvents.swift; sourceTree = "<group>"; };
		BFDE40502C591A0900733888 /* CSVDocument.swift */ = {isa = PBXFileReference; lastKnownFileType = sourcecode.swift; path = CSVDocument.swift; sourceTree = "<group>"; };
		BFDE40522C591F7B00733888 /* CalendarHelper.swift */ = {isa = PBXFileReference; lastKnownFileType = sourcecode.swift; path = CalendarHelper.swift; sourceTree = "<group>"; };
		BFDE77412C91D284000D4373 /* LocationManager.swift */ = {isa = PBXFileReference; lastKnownFileType = sourcecode.swift; path = LocationManager.swift; sourceTree = "<group>"; };
		BFDEB6032C49994900D32736 /* SupportView.swift */ = {isa = PBXFileReference; lastKnownFileType = sourcecode.swift; path = SupportView.swift; sourceTree = "<group>"; };
		BFE876052C6E7DA6006725A6 /* StringHelper.swift */ = {isa = PBXFileReference; lastKnownFileType = sourcecode.swift; path = StringHelper.swift; sourceTree = "<group>"; };
		BFEAE8582C92C338006F6285 /* LiveToolBarPrin.swift */ = {isa = PBXFileReference; lastKnownFileType = sourcecode.swift; path = LiveToolBarPrin.swift; sourceTree = "<group>"; };
		BFEAE85A2C92C52E006F6285 /* ChatToolBarPrin.swift */ = {isa = PBXFileReference; lastKnownFileType = sourcecode.swift; path = ChatToolBarPrin.swift; sourceTree = "<group>"; };
		BFEAE85C2C92C59A006F6285 /* MetricToolBarPrin.swift */ = {isa = PBXFileReference; lastKnownFileType = sourcecode.swift; path = MetricToolBarPrin.swift; sourceTree = "<group>"; };
		BFECC9662C8EC7FF0081B617 /* HomeToolBarLead.swift */ = {isa = PBXFileReference; lastKnownFileType = sourcecode.swift; path = HomeToolBarLead.swift; sourceTree = "<group>"; };
		BFECC9682C8ECDF30081B617 /* HomeToolBarPrin.swift */ = {isa = PBXFileReference; lastKnownFileType = sourcecode.swift; path = HomeToolBarPrin.swift; sourceTree = "<group>"; };
		BFF251612C9025E100389A3D /* CalendarToolBarPrin.swift */ = {isa = PBXFileReference; lastKnownFileType = sourcecode.swift; path = CalendarToolBarPrin.swift; sourceTree = "<group>"; };
		BFF251652C90C59800389A3D /* FloatingButton.swift */ = {isa = PBXFileReference; lastKnownFileType = sourcecode.swift; path = FloatingButton.swift; sourceTree = "<group>"; };
/* End PBXFileReference section */

/* Begin PBXFrameworksBuildPhase section */
		BF7342002C3AE74A00911375 /* Frameworks */ = {
			isa = PBXFrameworksBuildPhase;
			buildActionMask = 2147483647;
			files = (
				BFFE4D0D2CA69593006B0DFD /* StoreKit.framework in Frameworks */,
			);
			runOnlyForDeploymentPostprocessing = 0;
		};
		BF7342132C3AE74C00911375 /* Frameworks */ = {
			isa = PBXFrameworksBuildPhase;
			buildActionMask = 2147483647;
			files = (
			);
			runOnlyForDeploymentPostprocessing = 0;
		};
		BF73421D2C3AE74C00911375 /* Frameworks */ = {
			isa = PBXFrameworksBuildPhase;
			buildActionMask = 2147483647;
			files = (
			);
			runOnlyForDeploymentPostprocessing = 0;
		};
/* End PBXFrameworksBuildPhase section */

/* Begin PBXGroup section */
		BF0ED3BA2C8235EC00ADB94C /* Graphs */ = {
			isa = PBXGroup;
			children = (
				BF0ED3B82C8234E000ADB94C /* HomeCapsuleGraph.swift */,
			);
			path = Graphs;
			sourceTree = "<group>";
		};
		BF14E33E2C863AA3007FE41D /* Tabs */ = {
			isa = PBXGroup;
			children = (
				BF14E33F2C863AB5007FE41D /* HomeTab.swift */,
			);
			path = Tabs;
			sourceTree = "<group>";
		};
		BF4A81932C3B04D900D4CAF1 /* Views */ = {
			isa = PBXGroup;
			children = (
				BF4A81622C3AF53200D4CAF1 /* ProfileView.swift */,
				BF4A81882C3AFDDE00D4CAF1 /* SubscriptionView.swift */,
				BF6C840D2C3C5E8100032E93 /* AccountView.swift */,
				BFDEB6032C49994900D32736 /* SupportView.swift */,
				BF6C84112C3D16D600032E93 /* IntegrationsView.swift */,
				BF4A818E2C3AFFDD00D4CAF1 /* HomeView.swift */,
				BF6C84172C3D1C6D00032E93 /* LearnView.swift */,
				BF6C84192C3D1E5200032E93 /* PrivacyView.swift */,
				BF4A81342C3AEC4D00D4CAF1 /* CalendarView.swift */,
				BF4A81442C3AEE6C00D4CAF1 /* LiveView.swift */,
				BF8D6ADB2C41A9DF000269F1 /* TrainingView.swift */,
				BF4A81482C3AEFCE00D4CAF1 /* ChatView.swift */,
				BF4A814C2C3AF03B00D4CAF1 /* MetricView.swift */,
			);
			path = Views;
			sourceTree = "<group>";
		};
		BF4A81962C3B065500D4CAF1 /* Toolbars */ = {
			isa = PBXGroup;
			children = (
				BF1A81522C542C280057D87D /* HomeToolBarTrail.swift */,
				BF4A81662C3AF5D500D4CAF1 /* CalendarToolBarTrail.swift */,
				BF4A816E2C3AF8DA00D4CAF1 /* LiveToolBarTrail.swift */,
				BF4A81762C3AFA1700D4CAF1 /* ChatToolBarTrail.swift */,
				BFB6603E2C997178005E0C29 /* CalendarToolBarLead.swift */,
				BF4A817E2C3AFB8600D4CAF1 /* MetricToolBarTrail.swift */,
				BFECC9662C8EC7FF0081B617 /* HomeToolBarLead.swift */,
				BFECC9682C8ECDF30081B617 /* HomeToolBarPrin.swift */,
				BF19035B2C9ADB4600B0E581 /* ChatToolBarLead.swift */,
				BFF251612C9025E100389A3D /* CalendarToolBarPrin.swift */,
				BFEAE8582C92C338006F6285 /* LiveToolBarPrin.swift */,
				BFEAE85A2C92C52E006F6285 /* ChatToolBarPrin.swift */,
				BFEAE85C2C92C59A006F6285 /* MetricToolBarPrin.swift */,
			);
			path = Toolbars;
			sourceTree = "<group>";
		};
		BF4A81972C3B07C800D4CAF1 /* Helpers */ = {
			isa = PBXGroup;
			children = (
				BFDE40502C591A0900733888 /* CSVDocument.swift */,
				BFBBD9572C55868F00671197 /* MessageHelper.swift */,
				BF57B8A82C541360000F24BB /* LactateHelper.swift */,
				BFE876052C6E7DA6006725A6 /* StringHelper.swift */,
				BF31F0AA2C48FDA9000C005C /* EmailHelper.swift */,
				BFABBD4B2C885F5D00A10182 /* PromptHelper.swift */,
				BFDE40522C591F7B00733888 /* CalendarHelper.swift */,
				BF91AC6D2C4540530028BC41 /* NumberHelper.swift */,
				BF4A818A2C3AFDF500D4CAF1 /* ColorOptionView.swift */,
				BF4A813E2C3AEE0900D4CAF1 /* DateHelper.swift */,
			);
			path = Helpers;
			sourceTree = "<group>";
		};
		BF6744CF2C3FCA5A00A23D76 /* Models */ = {
			isa = PBXGroup;
			children = (
				BF3700872C47B60600CF255D /* User.swift */,
				BF6744D02C3FCAE400A23D76 /* Session.swift */,
			);
			path = Models;
			sourceTree = "<group>";
		};
		BF6F84002C8793FA0081838D /* SharedUi */ = {
			isa = PBXGroup;
			children = (
				BFF251652C90C59800389A3D /* FloatingButton.swift */,
				BF2265BB2C943BCE00A1203C /* FloatingButtonText.swift */,
				BF6F84012C87945B0081838D /* Sheet.swift */,
			);
			path = SharedUi;
			sourceTree = "<group>";
		};
		BF7341FA2C3AE74A00911375 = {
			isa = PBXGroup;
			children = (
				BF7342052C3AE74A00911375 /* starapp */,
				BF7342192C3AE74C00911375 /* starappTests */,
				BF7342232C3AE74C00911375 /* starappUITests */,
				BF73F4552C6BD85300922B9B /* Frameworks */,
				BF7342042C3AE74A00911375 /* Products */,
			);
			sourceTree = "<group>";
		};
		BF7342042C3AE74A00911375 /* Products */ = {
			isa = PBXGroup;
			children = (
				BF7342032C3AE74A00911375 /* starapp.app */,
				BF7342162C3AE74C00911375 /* starappTests.xctest */,
				BF7342202C3AE74C00911375 /* starappUITests.xctest */,
			);
			name = Products;
			sourceTree = "<group>";
		};
		BF7342052C3AE74A00911375 /* starapp */ = {
			isa = PBXGroup;
			children = (
				BF3F6CAD2C3F23280087DF5A /* Info.plist */,
				BF4A81932C3B04D900D4CAF1 /* Views */,
				BF4A81972C3B07C800D4CAF1 /* Helpers */,
				BF4A81962C3B065500D4CAF1 /* Toolbars */,
				BF6744CF2C3FCA5A00A23D76 /* Models */,
				BF0ED3BA2C8235EC00ADB94C /* Graphs */,
				BF14E33E2C863AA3007FE41D /* Tabs */,
				BF6F84002C8793FA0081838D /* SharedUi */,
				BF7342082C3AE74A00911375 /* ContentView.swift */,
				BF7342062C3AE74A00911375 /* starleetApp.swift */,
				BFC38D072C935ECC00E93826 /* LocationEvents.swift */,
				BFDE77412C91D284000D4373 /* LocationManager.swift */,
				BF87F7B82C79C69A00B35F6A /* AppState.swift */,
				BF87F7BA2C79C6C900B35F6A /* LoadingView.swift */,
				BF73F4582C6BD8F600922B9B /* Starleet.storekit */,
				BF73F45A2C6BE62D00922B9B /* StarStore.swift */,
				BF73420C2C3AE74C00911375 /* Assets.xcassets */,
				BF73420E2C3AE74C00911375 /* starapp.entitlements */,
				BF73420F2C3AE74C00911375 /* Preview Content */,
			);
			path = starapp;
			sourceTree = "<group>";
		};
		BF73420F2C3AE74C00911375 /* Preview Content */ = {
			isa = PBXGroup;
			children = (
				BF7342102C3AE74C00911375 /* Preview Assets.xcassets */,
			);
			path = "Preview Content";
			sourceTree = "<group>";
		};
		BF7342192C3AE74C00911375 /* starappTests */ = {
			isa = PBXGroup;
			children = (
				BF73421A2C3AE74C00911375 /* starappTests.swift */,
			);
			path = starappTests;
			sourceTree = "<group>";
		};
		BF7342232C3AE74C00911375 /* starappUITests */ = {
			isa = PBXGroup;
			children = (
				BF7342242C3AE74C00911375 /* starappUITests.swift */,
				BF7342262C3AE74C00911375 /* starappUITestsLaunchTests.swift */,
			);
			path = starappUITests;
			sourceTree = "<group>";
		};
		BF73F4552C6BD85300922B9B /* Frameworks */ = {
			isa = PBXGroup;
			children = (
				BF73F4562C6BD85300922B9B /* StoreKit.framework */,
			);
			name = Frameworks;
			sourceTree = "<group>";
		};
/* End PBXGroup section */

/* Begin PBXNativeTarget section */
		BF7342022C3AE74A00911375 /* starapp */ = {
			isa = PBXNativeTarget;
			buildConfigurationList = BF73422A2C3AE74C00911375 /* Build configuration list for PBXNativeTarget "starapp" */;
			buildPhases = (
				BF7341FF2C3AE74A00911375 /* Sources */,
				BF7342002C3AE74A00911375 /* Frameworks */,
				BF7342012C3AE74A00911375 /* Resources */,
				BFFE4D002CA69046006B0DFD /* Embed Foundation Extensions */,
			);
			buildRules = (
			);
			dependencies = (
			);
			name = starapp;
			productName = starapp;
			productReference = BF7342032C3AE74A00911375 /* starapp.app */;
			productType = "com.apple.product-type.application";
		};
		BF7342152C3AE74C00911375 /* starappTests */ = {
			isa = PBXNativeTarget;
			buildConfigurationList = BF73422D2C3AE74C00911375 /* Build configuration list for PBXNativeTarget "starappTests" */;
			buildPhases = (
				BF7342122C3AE74C00911375 /* Sources */,
				BF7342132C3AE74C00911375 /* Frameworks */,
				BF7342142C3AE74C00911375 /* Resources */,
			);
			buildRules = (
			);
			dependencies = (
				BF7342182C3AE74C00911375 /* PBXTargetDependency */,
			);
			name = starappTests;
			productName = starappTests;
			productReference = BF7342162C3AE74C00911375 /* starappTests.xctest */;
			productType = "com.apple.product-type.bundle.unit-test";
		};
		BF73421F2C3AE74C00911375 /* starappUITests */ = {
			isa = PBXNativeTarget;
			buildConfigurationList = BF7342302C3AE74C00911375 /* Build configuration list for PBXNativeTarget "starappUITests" */;
			buildPhases = (
				BF73421C2C3AE74C00911375 /* Sources */,
				BF73421D2C3AE74C00911375 /* Frameworks */,
				BF73421E2C3AE74C00911375 /* Resources */,
			);
			buildRules = (
			);
			dependencies = (
				BF7342222C3AE74C00911375 /* PBXTargetDependency */,
			);
			name = starappUITests;
			productName = starappUITests;
			productReference = BF7342202C3AE74C00911375 /* starappUITests.xctest */;
			productType = "com.apple.product-type.bundle.ui-testing";
		};
/* End PBXNativeTarget section */

/* Begin PBXProject section */
		BF7341FB2C3AE74A00911375 /* Project object */ = {
			isa = PBXProject;
			attributes = {
				BuildIndependentTargetsInParallel = 1;
				LastSwiftUpdateCheck = 1610;
				LastUpgradeCheck = 1610;
				TargetAttributes = {
					BF7342022C3AE74A00911375 = {
						CreatedOnToolsVersion = 15.2;
					};
					BF7342152C3AE74C00911375 = {
						CreatedOnToolsVersion = 15.2;
						TestTargetID = BF7342022C3AE74A00911375;
					};
					BF73421F2C3AE74C00911375 = {
						CreatedOnToolsVersion = 15.2;
						TestTargetID = BF7342022C3AE74A00911375;
					};
				};
			};
			buildConfigurationList = BF7341FE2C3AE74A00911375 /* Build configuration list for PBXProject "starapp" */;
			compatibilityVersion = "Xcode 14.0";
			developmentRegion = en;
			hasScannedForEncodings = 0;
			knownRegions = (
				en,
				Base,
			);
			mainGroup = BF7341FA2C3AE74A00911375;
			packageReferences = (
			);
			productRefGroup = BF7342042C3AE74A00911375 /* Products */;
			projectDirPath = "";
			projectRoot = "";
			targets = (
				BF7342022C3AE74A00911375 /* starapp */,
				BF7342152C3AE74C00911375 /* starappTests */,
				BF73421F2C3AE74C00911375 /* starappUITests */,
			);
		};
/* End PBXProject section */

/* Begin PBXResourcesBuildPhase section */
		BF7342012C3AE74A00911375 /* Resources */ = {
			isa = PBXResourcesBuildPhase;
			buildActionMask = 2147483647;
			files = (
				BF7342112C3AE74C00911375 /* Preview Assets.xcassets in Resources */,
				BF73F4592C6BD8F600922B9B /* Starleet.storekit in Resources */,
				BF73420D2C3AE74C00911375 /* Assets.xcassets in Resources */,
			);
			runOnlyForDeploymentPostprocessing = 0;
		};
		BF7342142C3AE74C00911375 /* Resources */ = {
			isa = PBXResourcesBuildPhase;
			buildActionMask = 2147483647;
			files = (
			);
			runOnlyForDeploymentPostprocessing = 0;
		};
		BF73421E2C3AE74C00911375 /* Resources */ = {
			isa = PBXResourcesBuildPhase;
			buildActionMask = 2147483647;
			files = (
			);
			runOnlyForDeploymentPostprocessing = 0;
		};
/* End PBXResourcesBuildPhase section */

/* Begin PBXSourcesBuildPhase section */
		BF7341FF2C3AE74A00911375 /* Sources */ = {
			isa = PBXSourcesBuildPhase;
			buildActionMask = 2147483647;
			files = (
				BFDE77422C91D284000D4373 /* LocationManager.swift in Sources */,
				BF7342092C3AE74A00911375 /* ContentView.swift in Sources */,
				BF4A818B2C3AFDF500D4CAF1 /* ColorOptionView.swift in Sources */,
				BF4A814D2C3AF03B00D4CAF1 /* MetricView.swift in Sources */,
				BF87F7B92C79C69D00B35F6A /* AppState.swift in Sources */,
				BF6744D12C3FCAE900A23D76 /* Session.swift in Sources */,
				BF87F7BB2C79C6CC00B35F6A /* LoadingView.swift in Sources */,
				BFDE40532C591F8200733888 /* CalendarHelper.swift in Sources */,
				BF4A81632C3AF53200D4CAF1 /* ProfileView.swift in Sources */,
				BFB6603F2C99717F005E0C29 /* CalendarToolBarLead.swift in Sources */,
				BF14E3402C863AB8007FE41D /* HomeTab.swift in Sources */,
				BFEAE85D2C92C5A3006F6285 /* MetricToolBarPrin.swift in Sources */,
				BFECC9692C8ECE060081B617 /* HomeToolBarPrin.swift in Sources */,
				BF91AC6E2C45405C0028BC41 /* NumberHelper.swift in Sources */,
				BF4A81672C3AF5D500D4CAF1 /* CalendarToolBarTrail.swift in Sources */,
				BFE876062C6E7DA9006725A6 /* StringHelper.swift in Sources */,
				BF73F45B2C6BE63500922B9B /* StarStore.swift in Sources */,
				BF31F0AB2C48FDAD000C005C /* EmailHelper.swift in Sources */,
				BF4A816F2C3AF8DA00D4CAF1 /* LiveToolBarTrail.swift in Sources */,
				BF4A818F2C3AFFDD00D4CAF1 /* HomeView.swift in Sources */,
				BF3700882C47B60900CF255D /* User.swift in Sources */,
				BFC38D082C935ED900E93826 /* LocationEvents.swift in Sources */,
				BF6C84122C3D16D600032E93 /* IntegrationsView.swift in Sources */,
				BFEAE85B2C92C538006F6285 /* ChatToolBarPrin.swift in Sources */,
				BFABBD4C2C885F6100A10182 /* PromptHelper.swift in Sources */,
				BF6C84182C3D1C6D00032E93 /* LearnView.swift in Sources */,
				BF4A81492C3AEFCE00D4CAF1 /* ChatView.swift in Sources */,
				BF6F84022C8794660081838D /* Sheet.swift in Sources */,
				BFDEB6042C49994C00D32736 /* SupportView.swift in Sources */,
				BF8D6ADC2C41A9DF000269F1 /* TrainingView.swift in Sources */,
				BFEAE8592C92C348006F6285 /* LiveToolBarPrin.swift in Sources */,
				BF1A81532C542C280057D87D /* HomeToolBarTrail.swift in Sources */,
				BF4A81352C3AEC4D00D4CAF1 /* CalendarView.swift in Sources */,
				BF0ED3B92C8234E100ADB94C /* HomeCapsuleGraph.swift in Sources */,
				BFDE40512C591A1200733888 /* CSVDocument.swift in Sources */,
				BF7342072C3AE74A00911375 /* starleetApp.swift in Sources */,
				BF6C840E2C3C5E8100032E93 /* AccountView.swift in Sources */,
				BFF251622C9025EA00389A3D /* CalendarToolBarPrin.swift in Sources */,
				BF4A817F2C3AFB8600D4CAF1 /* MetricToolBarTrail.swift in Sources */,
				BF4A81892C3AFDDE00D4CAF1 /* SubscriptionView.swift in Sources */,
				BFBBD9582C55869200671197 /* MessageHelper.swift in Sources */,
				BF6C841A2C3D1E5200032E93 /* PrivacyView.swift in Sources */,
				BF4A81452C3AEE6C00D4CAF1 /* LiveView.swift in Sources */,
				BF4A813F2C3AEE0900D4CAF1 /* DateHelper.swift in Sources */,
				BFECC9672C8EC8130081B617 /* HomeToolBarLead.swift in Sources */,
				BFF251662C90C59E00389A3D /* FloatingButton.swift in Sources */,
				BF57B8A92C541365000F24BB /* LactateHelper.swift in Sources */,
				BF4A81772C3AFA1700D4CAF1 /* ChatToolBarTrail.swift in Sources */,
				BF2265BC2C943BD600A1203C /* FloatingButtonText.swift in Sources */,
				BF19035C2C9ADB4E00B0E581 /* ChatToolBarLead.swift in Sources */,
			);
			runOnlyForDeploymentPostprocessing = 0;
		};
		BF7342122C3AE74C00911375 /* Sources */ = {
			isa = PBXSourcesBuildPhase;
			buildActionMask = 2147483647;
			files = (
				BF73421B2C3AE74C00911375 /* starappTests.swift in Sources */,
			);
			runOnlyForDeploymentPostprocessing = 0;
		};
		BF73421C2C3AE74C00911375 /* Sources */ = {
			isa = PBXSourcesBuildPhase;
			buildActionMask = 2147483647;
			files = (
				BF7342272C3AE74C00911375 /* starappUITestsLaunchTests.swift in Sources */,
				BF7342252C3AE74C00911375 /* starappUITests.swift in Sources */,
			);
			runOnlyForDeploymentPostprocessing = 0;
		};
/* End PBXSourcesBuildPhase section */

/* Begin PBXTargetDependency section */
		BF7342182C3AE74C00911375 /* PBXTargetDependency */ = {
			isa = PBXTargetDependency;
			target = BF7342022C3AE74A00911375 /* starapp */;
			targetProxy = BF7342172C3AE74C00911375 /* PBXContainerItemProxy */;
		};
		BF7342222C3AE74C00911375 /* PBXTargetDependency */ = {
			isa = PBXTargetDependency;
			target = BF7342022C3AE74A00911375 /* starapp */;
			targetProxy = BF7342212C3AE74C00911375 /* PBXContainerItemProxy */;
		};
/* End PBXTargetDependency section */

/* Begin XCBuildConfiguration section */
		BF7342282C3AE74C00911375 /* Debug */ = {
			isa = XCBuildConfiguration;
			buildSettings = {
				ALWAYS_SEARCH_USER_PATHS = NO;
				ASSETCATALOG_COMPILER_GENERATE_SWIFT_ASSET_SYMBOL_EXTENSIONS = YES;
				CLANG_ANALYZER_NONNULL = YES;
				CLANG_ANALYZER_NUMBER_OBJECT_CONVERSION = YES_AGGRESSIVE;
				CLANG_CXX_LANGUAGE_STANDARD = "gnu++20";
				CLANG_ENABLE_MODULES = YES;
				CLANG_ENABLE_OBJC_ARC = YES;
				CLANG_ENABLE_OBJC_WEAK = YES;
				CLANG_WARN_BLOCK_CAPTURE_AUTORELEASING = YES;
				CLANG_WARN_BOOL_CONVERSION = YES;
				CLANG_WARN_COMMA = YES;
				CLANG_WARN_CONSTANT_CONVERSION = YES;
				CLANG_WARN_DEPRECATED_OBJC_IMPLEMENTATIONS = YES;
				CLANG_WARN_DIRECT_OBJC_ISA_USAGE = YES_ERROR;
				CLANG_WARN_DOCUMENTATION_COMMENTS = YES;
				CLANG_WARN_EMPTY_BODY = YES;
				CLANG_WARN_ENUM_CONVERSION = YES;
				CLANG_WARN_INFINITE_RECURSION = YES;
				CLANG_WARN_INT_CONVERSION = YES;
				CLANG_WARN_NON_LITERAL_NULL_CONVERSION = YES;
				CLANG_WARN_OBJC_IMPLICIT_RETAIN_SELF = YES;
				CLANG_WARN_OBJC_LITERAL_CONVERSION = YES;
				CLANG_WARN_OBJC_ROOT_CLASS = YES_ERROR;
				CLANG_WARN_QUOTED_INCLUDE_IN_FRAMEWORK_HEADER = YES;
				CLANG_WARN_RANGE_LOOP_ANALYSIS = YES;
				CLANG_WARN_STRICT_PROTOTYPES = YES;
				CLANG_WARN_SUSPICIOUS_MOVE = YES;
				CLANG_WARN_UNGUARDED_AVAILABILITY = YES_AGGRESSIVE;
				CLANG_WARN_UNREACHABLE_CODE = YES;
				CLANG_WARN__DUPLICATE_METHOD_MATCH = YES;
				COPY_PHASE_STRIP = NO;
				DEAD_CODE_STRIPPING = YES;
				DEBUG_INFORMATION_FORMAT = dwarf;
				ENABLE_STRICT_OBJC_MSGSEND = YES;
				ENABLE_TESTABILITY = YES;
				ENABLE_USER_SCRIPT_SANDBOXING = YES;
				GCC_C_LANGUAGE_STANDARD = gnu17;
				GCC_DYNAMIC_NO_PIC = NO;
				GCC_NO_COMMON_BLOCKS = YES;
				GCC_OPTIMIZATION_LEVEL = 0;
				GCC_PREPROCESSOR_DEFINITIONS = (
					"DEBUG=1",
					"$(inherited)",
				);
				GCC_WARN_64_TO_32_BIT_CONVERSION = YES;
				GCC_WARN_ABOUT_RETURN_TYPE = YES_ERROR;
				GCC_WARN_UNDECLARED_SELECTOR = YES;
				GCC_WARN_UNINITIALIZED_AUTOS = YES_AGGRESSIVE;
				GCC_WARN_UNUSED_FUNCTION = YES;
				GCC_WARN_UNUSED_VARIABLE = YES;
				LOCALIZATION_PREFERS_STRING_CATALOGS = YES;
				MTL_ENABLE_DEBUG_INFO = INCLUDE_SOURCE;
				MTL_FAST_MATH = YES;
				ONLY_ACTIVE_ARCH = YES;
				SWIFT_ACTIVE_COMPILATION_CONDITIONS = "DEBUG $(inherited)";
				SWIFT_OPTIMIZATION_LEVEL = "-Onone";
			};
			name = Debug;
		};
		BF7342292C3AE74C00911375 /* Release */ = {
			isa = XCBuildConfiguration;
			buildSettings = {
				ALWAYS_SEARCH_USER_PATHS = NO;
				ASSETCATALOG_COMPILER_GENERATE_SWIFT_ASSET_SYMBOL_EXTENSIONS = YES;
				CLANG_ANALYZER_NONNULL = YES;
				CLANG_ANALYZER_NUMBER_OBJECT_CONVERSION = YES_AGGRESSIVE;
				CLANG_CXX_LANGUAGE_STANDARD = "gnu++20";
				CLANG_ENABLE_MODULES = YES;
				CLANG_ENABLE_OBJC_ARC = YES;
				CLANG_ENABLE_OBJC_WEAK = YES;
				CLANG_WARN_BLOCK_CAPTURE_AUTORELEASING = YES;
				CLANG_WARN_BOOL_CONVERSION = YES;
				CLANG_WARN_COMMA = YES;
				CLANG_WARN_CONSTANT_CONVERSION = YES;
				CLANG_WARN_DEPRECATED_OBJC_IMPLEMENTATIONS = YES;
				CLANG_WARN_DIRECT_OBJC_ISA_USAGE = YES_ERROR;
				CLANG_WARN_DOCUMENTATION_COMMENTS = YES;
				CLANG_WARN_EMPTY_BODY = YES;
				CLANG_WARN_ENUM_CONVERSION = YES;
				CLANG_WARN_INFINITE_RECURSION = YES;
				CLANG_WARN_INT_CONVERSION = YES;
				CLANG_WARN_NON_LITERAL_NULL_CONVERSION = YES;
				CLANG_WARN_OBJC_IMPLICIT_RETAIN_SELF = YES;
				CLANG_WARN_OBJC_LITERAL_CONVERSION = YES;
				CLANG_WARN_OBJC_ROOT_CLASS = YES_ERROR;
				CLANG_WARN_QUOTED_INCLUDE_IN_FRAMEWORK_HEADER = YES;
				CLANG_WARN_RANGE_LOOP_ANALYSIS = YES;
				CLANG_WARN_STRICT_PROTOTYPES = YES;
				CLANG_WARN_SUSPICIOUS_MOVE = YES;
				CLANG_WARN_UNGUARDED_AVAILABILITY = YES_AGGRESSIVE;
				CLANG_WARN_UNREACHABLE_CODE = YES;
				CLANG_WARN__DUPLICATE_METHOD_MATCH = YES;
				COPY_PHASE_STRIP = NO;
				DEAD_CODE_STRIPPING = YES;
				DEBUG_INFORMATION_FORMAT = "dwarf-with-dsym";
				ENABLE_NS_ASSERTIONS = NO;
				ENABLE_STRICT_OBJC_MSGSEND = YES;
				ENABLE_USER_SCRIPT_SANDBOXING = YES;
				GCC_C_LANGUAGE_STANDARD = gnu17;
				GCC_NO_COMMON_BLOCKS = YES;
				GCC_OPTIMIZATION_LEVEL = s;
				GCC_WARN_64_TO_32_BIT_CONVERSION = YES;
				GCC_WARN_ABOUT_RETURN_TYPE = YES_ERROR;
				GCC_WARN_UNDECLARED_SELECTOR = YES;
				GCC_WARN_UNINITIALIZED_AUTOS = YES_AGGRESSIVE;
				GCC_WARN_UNUSED_FUNCTION = YES;
				GCC_WARN_UNUSED_VARIABLE = YES;
				LOCALIZATION_PREFERS_STRING_CATALOGS = YES;
				MTL_ENABLE_DEBUG_INFO = NO;
				MTL_FAST_MATH = YES;
				SWIFT_COMPILATION_MODE = wholemodule;
				SWIFT_OPTIMIZATION_LEVEL = "-O";
			};
			name = Release;
		};
		BF73422B2C3AE74C00911375 /* Debug */ = {
			isa = XCBuildConfiguration;
			buildSettings = {
				ASSETCATALOG_COMPILER_APPICON_NAME = AppIcon;
				ASSETCATALOG_COMPILER_GLOBAL_ACCENT_COLOR_NAME = AccentColor;
				CODE_SIGN_ENTITLEMENTS = starapp/starapp.entitlements;
				CODE_SIGN_STYLE = Automatic;
				CURRENT_PROJECT_VERSION = 180;
				DEAD_CODE_STRIPPING = YES;
				DEVELOPMENT_ASSET_PATHS = "\"starapp/Preview Content\"";
				DEVELOPMENT_TEAM = 7F33N9HZ63;
				ENABLE_HARDENED_RUNTIME = YES;
				ENABLE_PREVIEWS = YES;
				GCC_OPTIMIZATION_LEVEL = 0;
				GENERATE_INFOPLIST_FILE = YES;
				INFOPLIST_FILE = starapp/Info.plist;
				INFOPLIST_KEY_CFBundleDisplayName = Starleet;
				INFOPLIST_KEY_LSApplicationCategoryType = "public.app-category.healthcare-fitness";
				INFOPLIST_KEY_NSLocationAlwaysUsageDescription = "So you can plan your routes";
				INFOPLIST_KEY_NSLocationWhenInUseUsageDescription = "So you can plan your routes";
				"INFOPLIST_KEY_UIApplicationSceneManifest_Generation[sdk=iphoneos*]" = YES;
				"INFOPLIST_KEY_UIApplicationSceneManifest_Generation[sdk=iphonesimulator*]" = YES;
				"INFOPLIST_KEY_UIApplicationSupportsIndirectInputEvents[sdk=iphoneos*]" = YES;
				"INFOPLIST_KEY_UIApplicationSupportsIndirectInputEvents[sdk=iphonesimulator*]" = YES;
				"INFOPLIST_KEY_UILaunchScreen_Generation[sdk=iphoneos*]" = YES;
				"INFOPLIST_KEY_UILaunchScreen_Generation[sdk=iphonesimulator*]" = YES;
				"INFOPLIST_KEY_UIStatusBarStyle[sdk=iphoneos*]" = UIStatusBarStyleDefault;
				"INFOPLIST_KEY_UIStatusBarStyle[sdk=iphonesimulator*]" = UIStatusBarStyleDefault;
				INFOPLIST_KEY_UISupportedInterfaceOrientations_iPad = "UIInterfaceOrientationPortrait UIInterfaceOrientationPortraitUpsideDown UIInterfaceOrientationLandscapeLeft UIInterfaceOrientationLandscapeRight";
				INFOPLIST_KEY_UISupportedInterfaceOrientations_iPhone = "UIInterfaceOrientationPortrait UIInterfaceOrientationLandscapeLeft UIInterfaceOrientationLandscapeRight";
				IPHONEOS_DEPLOYMENT_TARGET = 17.0;
				LD_RUNPATH_SEARCH_PATHS = "@executable_path/Frameworks";
				"LD_RUNPATH_SEARCH_PATHS[sdk=macosx*]" = "@executable_path/../Frameworks";
				MACOSX_DEPLOYMENT_TARGET = 15.0;
				MARKETING_VERSION = 2.2.4;
				PRODUCT_BUNDLE_IDENTIFIER = com.starleet.starappv01;
				PRODUCT_NAME = "$(TARGET_NAME)";
				SDKROOT = auto;
				SUPPORTED_PLATFORMS = "iphoneos iphonesimulator";
				SUPPORTS_MACCATALYST = NO;
				SWIFT_EMIT_LOC_STRINGS = YES;
				SWIFT_VERSION = 5.0;
				TARGETED_DEVICE_FAMILY = "1,2";
			};
			name = Debug;
		};
		BF73422C2C3AE74C00911375 /* Release */ = {
			isa = XCBuildConfiguration;
			buildSettings = {
				ASSETCATALOG_COMPILER_APPICON_NAME = AppIcon;
				ASSETCATALOG_COMPILER_GLOBAL_ACCENT_COLOR_NAME = AccentColor;
				CODE_SIGN_ENTITLEMENTS = starapp/starapp.entitlements;
				CODE_SIGN_STYLE = Automatic;
				CURRENT_PROJECT_VERSION = 180;
				DEAD_CODE_STRIPPING = YES;
				DEVELOPMENT_ASSET_PATHS = "\"starapp/Preview Content\"";
				DEVELOPMENT_TEAM = 7F33N9HZ63;
				ENABLE_HARDENED_RUNTIME = YES;
				ENABLE_PREVIEWS = YES;
				GCC_OPTIMIZATION_LEVEL = s;
				GENERATE_INFOPLIST_FILE = YES;
				INFOPLIST_FILE = starapp/Info.plist;
				INFOPLIST_KEY_CFBundleDisplayName = Starleet;
				INFOPLIST_KEY_LSApplicationCategoryType = "public.app-category.healthcare-fitness";
				INFOPLIST_KEY_NSLocationAlwaysUsageDescription = "So you can plan your routes";
				INFOPLIST_KEY_NSLocationWhenInUseUsageDescription = "So you can plan your routes";
				"INFOPLIST_KEY_UIApplicationSceneManifest_Generation[sdk=iphoneos*]" = YES;
				"INFOPLIST_KEY_UIApplicationSceneManifest_Generation[sdk=iphonesimulator*]" = YES;
				"INFOPLIST_KEY_UIApplicationSupportsIndirectInputEvents[sdk=iphoneos*]" = YES;
				"INFOPLIST_KEY_UIApplicationSupportsIndirectInputEvents[sdk=iphonesimulator*]" = YES;
				"INFOPLIST_KEY_UILaunchScreen_Generation[sdk=iphoneos*]" = YES;
				"INFOPLIST_KEY_UILaunchScreen_Generation[sdk=iphonesimulator*]" = YES;
				"INFOPLIST_KEY_UIStatusBarStyle[sdk=iphoneos*]" = UIStatusBarStyleDefault;
				"INFOPLIST_KEY_UIStatusBarStyle[sdk=iphonesimulator*]" = UIStatusBarStyleDefault;
				INFOPLIST_KEY_UISupportedInterfaceOrientations_iPad = "UIInterfaceOrientationPortrait UIInterfaceOrientationPortraitUpsideDown UIInterfaceOrientationLandscapeLeft UIInterfaceOrientationLandscapeRight";
				INFOPLIST_KEY_UISupportedInterfaceOrientations_iPhone = "UIInterfaceOrientationPortrait UIInterfaceOrientationLandscapeLeft UIInterfaceOrientationLandscapeRight";
				IPHONEOS_DEPLOYMENT_TARGET = 17.0;
				LD_RUNPATH_SEARCH_PATHS = "@executable_path/Frameworks";
				"LD_RUNPATH_SEARCH_PATHS[sdk=macosx*]" = "@executable_path/../Frameworks";
				MACOSX_DEPLOYMENT_TARGET = 15.0;
				MARKETING_VERSION = 2.2.4;
				PRODUCT_BUNDLE_IDENTIFIER = com.starleet.starappv01;
				PRODUCT_NAME = "$(TARGET_NAME)";
				SDKROOT = auto;
				SUPPORTED_PLATFORMS = "iphoneos iphonesimulator";
				SUPPORTS_MACCATALYST = NO;
				SWIFT_EMIT_LOC_STRINGS = YES;
				SWIFT_OPTIMIZATION_LEVEL = "-O";
				SWIFT_VERSION = 5.0;
				TARGETED_DEVICE_FAMILY = "1,2";
			};
			name = Release;
		};
		BF73422E2C3AE74C00911375 /* Debug */ = {
			isa = XCBuildConfiguration;
			buildSettings = {
				BUNDLE_LOADER = "$(TEST_HOST)";
				CODE_SIGN_STYLE = Automatic;
				CURRENT_PROJECT_VERSION = 1;
				DEAD_CODE_STRIPPING = YES;
				DEVELOPMENT_TEAM = 4PVRS8J86T;
				GENERATE_INFOPLIST_FILE = YES;
				IPHONEOS_DEPLOYMENT_TARGET = 17.2;
				MACOSX_DEPLOYMENT_TARGET = 13.6;
				MARKETING_VERSION = 1.0;
				PRODUCT_BUNDLE_IDENTIFIER = nill.starappTests;
				PRODUCT_NAME = "$(TARGET_NAME)";
				SDKROOT = auto;
				SUPPORTED_PLATFORMS = "iphoneos iphonesimulator macosx";
				SWIFT_EMIT_LOC_STRINGS = NO;
				SWIFT_VERSION = 5.0;
				TARGETED_DEVICE_FAMILY = "1,2";
				TEST_HOST = "$(BUILT_PRODUCTS_DIR)/starapp.app/$(BUNDLE_EXECUTABLE_FOLDER_PATH)/starapp";
			};
			name = Debug;
		};
		BF73422F2C3AE74C00911375 /* Release */ = {
			isa = XCBuildConfiguration;
			buildSettings = {
				BUNDLE_LOADER = "$(TEST_HOST)";
				CODE_SIGN_STYLE = Automatic;
				CURRENT_PROJECT_VERSION = 1;
				DEAD_CODE_STRIPPING = YES;
				DEVELOPMENT_TEAM = 4PVRS8J86T;
				GCC_OPTIMIZATION_LEVEL = s;
				GENERATE_INFOPLIST_FILE = YES;
				IPHONEOS_DEPLOYMENT_TARGET = 17.2;
				MACOSX_DEPLOYMENT_TARGET = 13.6;
				MARKETING_VERSION = 1.0;
				PRODUCT_BUNDLE_IDENTIFIER = nill.starappTests;
				PRODUCT_NAME = "$(TARGET_NAME)";
				SDKROOT = auto;
				SUPPORTED_PLATFORMS = "iphoneos iphonesimulator macosx";
				SWIFT_EMIT_LOC_STRINGS = NO;
				SWIFT_OPTIMIZATION_LEVEL = "-O";
				SWIFT_VERSION = 5.0;
				TARGETED_DEVICE_FAMILY = "1,2";
				TEST_HOST = "$(BUILT_PRODUCTS_DIR)/starapp.app/$(BUNDLE_EXECUTABLE_FOLDER_PATH)/starapp";
			};
			name = Release;
		};
		BF7342312C3AE74C00911375 /* Debug */ = {
			isa = XCBuildConfiguration;
			buildSettings = {
				CODE_SIGN_STYLE = Automatic;
				CURRENT_PROJECT_VERSION = 1;
				DEAD_CODE_STRIPPING = YES;
				DEVELOPMENT_TEAM = 4PVRS8J86T;
				GENERATE_INFOPLIST_FILE = YES;
				IPHONEOS_DEPLOYMENT_TARGET = 17.2;
				MACOSX_DEPLOYMENT_TARGET = 13.6;
				MARKETING_VERSION = 1.0;
				PRODUCT_BUNDLE_IDENTIFIER = nill.starappUITests;
				PRODUCT_NAME = "$(TARGET_NAME)";
				SDKROOT = auto;
				SUPPORTED_PLATFORMS = "iphoneos iphonesimulator macosx";
				SWIFT_EMIT_LOC_STRINGS = NO;
				SWIFT_VERSION = 5.0;
				TARGETED_DEVICE_FAMILY = "1,2";
				TEST_TARGET_NAME = starapp;
			};
			name = Debug;
		};
		BF7342322C3AE74C00911375 /* Release */ = {
			isa = XCBuildConfiguration;
			buildSettings = {
				CODE_SIGN_STYLE = Automatic;
				CURRENT_PROJECT_VERSION = 1;
				DEAD_CODE_STRIPPING = YES;
				DEVELOPMENT_TEAM = 4PVRS8J86T;
				GCC_OPTIMIZATION_LEVEL = s;
				GENERATE_INFOPLIST_FILE = YES;
				IPHONEOS_DEPLOYMENT_TARGET = 17.2;
				MACOSX_DEPLOYMENT_TARGET = 13.6;
				MARKETING_VERSION = 1.0;
				PRODUCT_BUNDLE_IDENTIFIER = nill.starappUITests;
				PRODUCT_NAME = "$(TARGET_NAME)";
				SDKROOT = auto;
				SUPPORTED_PLATFORMS = "iphoneos iphonesimulator macosx";
				SWIFT_EMIT_LOC_STRINGS = NO;
				SWIFT_OPTIMIZATION_LEVEL = "-O";
				SWIFT_VERSION = 5.0;
				TARGETED_DEVICE_FAMILY = "1,2";
				TEST_TARGET_NAME = starapp;
			};
			name = Release;
		};
/* End XCBuildConfiguration section */

/* Begin XCConfigurationList section */
		BF7341FE2C3AE74A00911375 /* Build configuration list for PBXProject "starapp" */ = {
			isa = XCConfigurationList;
			buildConfigurations = (
				BF7342282C3AE74C00911375 /* Debug */,
				BF7342292C3AE74C00911375 /* Release */,
			);
			defaultConfigurationIsVisible = 0;
			defaultConfigurationName = Release;
		};
		BF73422A2C3AE74C00911375 /* Build configuration list for PBXNativeTarget "starapp" */ = {
			isa = XCConfigurationList;
			buildConfigurations = (
				BF73422B2C3AE74C00911375 /* Debug */,
				BF73422C2C3AE74C00911375 /* Release */,
			);
			defaultConfigurationIsVisible = 0;
			defaultConfigurationName = Release;
		};
		BF73422D2C3AE74C00911375 /* Build configuration list for PBXNativeTarget "starappTests" */ = {
			isa = XCConfigurationList;
			buildConfigurations = (
				BF73422E2C3AE74C00911375 /* Debug */,
				BF73422F2C3AE74C00911375 /* Release */,
			);
			defaultConfigurationIsVisible = 0;
			defaultConfigurationName = Release;
		};
		BF7342302C3AE74C00911375 /* Build configuration list for PBXNativeTarget "starappUITests" */ = {
			isa = XCConfigurationList;
			buildConfigurations = (
				BF7342312C3AE74C00911375 /* Debug */,
				BF7342322C3AE74C00911375 /* Release */,
			);
			defaultConfigurationIsVisible = 0;
			defaultConfigurationName = Release;
		};
/* End XCConfigurationList section */
	};
	rootObject = BF7341FB2C3AE74A00911375 /* Project object */;
}
